PODS:
  - AsyncSwift (1.7.2)
  - Realm (0.102.1):
    - Realm/Headers (= 0.102.1)
  - Realm/Headers (0.102.1)
  - RealmSwift (0.102.1):
    - Realm (= 0.102.1)
  - VTAcknowledgementsViewController (1.0)

DEPENDENCIES:
  - AsyncSwift (from `https://github.com/duemunk/Async.git`)
  - RealmSwift
  - VTAcknowledgementsViewController

EXTERNAL SOURCES:
  AsyncSwift:
    :git: https://github.com/duemunk/Async.git

CHECKOUT OPTIONS:
  AsyncSwift:
    :commit: e8e53f0fd39fabc226f4609d1c910c8af27a17cc
    :git: https://github.com/duemunk/Async.git

SPEC CHECKSUMS:
  AsyncSwift: 15c496983f752a3ab8d1be17e64dd4c6f2a31239
  Realm: 5254be610db3e5024879684717bf038990bb59ec
  RealmSwift: 3e24e6bcf56d98ccc134f4909e00839b81a659af
  VTAcknowledgementsViewController: a67fcf112d2530b6073a32fb6f60b8190e0265e4

COCOAPODS: 0.39.0
